
Microsoft Visual Studio Solution File, Format Version 12.00
# Visual Studio Version 16
VisualStudioVersion = 16.0.31624.102
MinimumVisualStudioVersion = 10.0.40219.1
Project("{FAE04EC0-301F-11D3-BF4B-00C04F79EFBC}") = "Shrexxeso", "Shrexxeso\Shrexxeso.csproj", "{3E250F2E-88BB-4323-8240-EF45D5474040}"
EndProject
Global
	GlobalSection(SolutionConfigurationPlatforms) = preSolution
		Debug|Any CPU = Debug|Any CPU
		Release|Any CPU = Release|Any CPU
	EndGlobalSection
	GlobalSection(ProjectConfigurationPlatforms) = postSolution
		{3E250F2E-88BB-4323-8240-EF45D5474040}.Debug|Any CPU.ActiveCfg = Debug|Any CPU
		{3E250F2E-88BB-4323-8240-EF45D5474040}.Debug|Any CPU.Build.0 = Debug|Any CPU
		{3E250F2E-88BB-4323-8240-EF45D5474040}.Release|Any CPU.ActiveCfg = Release|Any CPU
		{3E250F2E-88BB-4323-8240-EF45D5474040}.Release|Any CPU.Build.0 = Release|Any CPU
	EndGlobalSection
	GlobalSection(SolutionProperties) = preSolution
		HideSolutionNode = FALSE
	EndGlobalSection
	GlobalSection(ExtensibilityGlobals) = postSolution
		SolutionGuid = {E349CC1D-1487-4E6E-9372-4DA6C309F163}
	EndGlobalSection
EndGlobal
